
Microsoft Visual Studio Solution File, Format Version 12.00
# Visual Studio Version 17
VisualStudioVersion = 17.6.33712.159
MinimumVisualStudioVersion = 10.0.40219.1
Project("{FAE04EC0-301F-11D3-BF4B-00C04F79EFBC}") = "WebApplication3", "WebApplication3\WebApplication3.csproj", "{04392500-6E74-4DAE-85C4-4B183F2BD907}"
EndProject
Global
	GlobalSection(SolutionConfigurationPlatforms) = preSolution
		Debug|Any CPU = Debug|Any CPU
		Release|Any CPU = Release|Any CPU
	EndGlobalSection
	GlobalSection(ProjectConfigurationPlatforms) = postSolution
		{04392500-6E74-4DAE-85C4-4B183F2BD907}.Debug|Any CPU.ActiveCfg = Debug|Any CPU
		{04392500-6E74-4DAE-85C4-4B183F2BD907}.Debug|Any CPU.Build.0 = Debug|Any CPU
		{04392500-6E74-4DAE-85C4-4B183F2BD907}.Release|Any CPU.ActiveCfg = Release|Any CPU
		{04392500-6E74-4DAE-85C4-4B183F2BD907}.Release|Any CPU.Build.0 = Release|Any CPU
	EndGlobalSection
	GlobalSection(SolutionProperties) = preSolution
		HideSolutionNode = FALSE
	EndGlobalSection
	GlobalSection(ExtensibilityGlobals) = postSolution
		SolutionGuid = {452A116D-7B97-4CC5-82B8-90446FE04589}
	EndGlobalSection
EndGlobal
